// !$*UTF8*$!
{
	archiveVersion = 1;
	classes = {
	};
	objectVersion = 56;
	objects = {

/* Begin PBXBuildFile section */
		0F1542F32B96A4BC00AF81B1 /* EssentialDevCacheIntegrationTests.swift in Sources */ = {isa = PBXBuildFile; fileRef = 0F1542F22B96A4BC00AF81B1 /* EssentialDevCacheIntegrationTests.swift */; };
		0F1542F42B96A4BC00AF81B1 /* EssentialDev.framework in Frameworks */ = {isa = PBXBuildFile; fileRef = 0F1CDD8E2B3D73160080C5F5 /* EssentialDev.framework */; };
		0F1542FD2B96A63800AF81B1 /* XCTestCase+MemoryLeakTracking.swift in Sources */ = {isa = PBXBuildFile; fileRef = 0F345A162B63839F007528BD /* XCTestCase+MemoryLeakTracking.swift */; };
		0F1542FE2B96A72100AF81B1 /* FeedCacheTestHelpers.swift in Sources */ = {isa = PBXBuildFile; fileRef = 0F71DA2E2B7307850044C999 /* FeedCacheTestHelpers.swift */; };
		0F1542FF2B96A72800AF81B1 /* SharedTestHelpers.swift in Sources */ = {isa = PBXBuildFile; fileRef = 0F71DA302B73083F0044C999 /* SharedTestHelpers.swift */; };
		0F1CDD932B3D73160080C5F5 /* EssentialDev_.docc in Sources */ = {isa = PBXBuildFile; fileRef = 0F1CDD922B3D73160080C5F5 /* EssentialDev_.docc */; };
		0F1CDD992B3D73170080C5F5 /* EssentialDev.framework in Frameworks */ = {isa = PBXBuildFile; fileRef = 0F1CDD8E2B3D73160080C5F5 /* EssentialDev.framework */; };
		0F1CDD9F2B3D73170080C5F5 /* EssentialDev_.h in Headers */ = {isa = PBXBuildFile; fileRef = 0F1CDD912B3D73160080C5F5 /* EssentialDev_.h */; settings = {ATTRIBUTES = (Public, ); }; };
		0F1CDDA92B3D732D0080C5F5 /* FeedImage.swift in Sources */ = {isa = PBXBuildFile; fileRef = 0F1CDDA82B3D732D0080C5F5 /* FeedImage.swift */; };
		0F1CDDAB2B3D73BA0080C5F5 /* FeedLoader.swift in Sources */ = {isa = PBXBuildFile; fileRef = 0F1CDDAA2B3D73BA0080C5F5 /* FeedLoader.swift */; };
		0F23BBAE2B4C8EFC00427AFB /* LoadFeedFromRemoteUseCaseTests.swift in Sources */ = {isa = PBXBuildFile; fileRef = 0F23BBAD2B4C8EFC00427AFB /* LoadFeedFromRemoteUseCaseTests.swift */; };
		0F23BBB12B4C975000427AFB /* RemoteFeedLoader.swift in Sources */ = {isa = PBXBuildFile; fileRef = 0F23BBB02B4C975000427AFB /* RemoteFeedLoader.swift */; };
		0F345A0F2B4F87AC007528BD /* HTTPClient.swift in Sources */ = {isa = PBXBuildFile; fileRef = 0F345A0E2B4F87AC007528BD /* HTTPClient.swift */; };
		0F345A112B4F87F3007528BD /* FeedItemMapper.swift in Sources */ = {isa = PBXBuildFile; fileRef = 0F345A102B4F87F3007528BD /* FeedItemMapper.swift */; };
		0F345A142B61F64B007528BD /* URLSessionHTTPClientTests.swift in Sources */ = {isa = PBXBuildFile; fileRef = 0F345A132B61F64B007528BD /* URLSessionHTTPClientTests.swift */; };
		0F345A172B63839F007528BD /* XCTestCase+MemoryLeakTracking.swift in Sources */ = {isa = PBXBuildFile; fileRef = 0F345A162B63839F007528BD /* XCTestCase+MemoryLeakTracking.swift */; };
		0F345A192B639075007528BD /* URLSessionHTTPClient.swift in Sources */ = {isa = PBXBuildFile; fileRef = 0F345A182B639075007528BD /* URLSessionHTTPClient.swift */; };
		0F345A222B64AD05007528BD /* EssentialDevEndToEndTests.swift in Sources */ = {isa = PBXBuildFile; fileRef = 0F345A212B64AD05007528BD /* EssentialDevEndToEndTests.swift */; };
		0F345A232B64AD05007528BD /* EssentialDev.framework in Frameworks */ = {isa = PBXBuildFile; fileRef = 0F1CDD8E2B3D73160080C5F5 /* EssentialDev.framework */; };
		0F345A292B670970007528BD /* XCTestCase+MemoryLeakTracking.swift in Sources */ = {isa = PBXBuildFile; fileRef = 0F345A162B63839F007528BD /* XCTestCase+MemoryLeakTracking.swift */; };
		0F345A2D2B685CBA007528BD /* CacheFeedUseCaseTests.swift in Sources */ = {isa = PBXBuildFile; fileRef = 0F345A2C2B685CBA007528BD /* CacheFeedUseCaseTests.swift */; };
		0F345A302B6B3DC0007528BD /* LocalFeedLoader.swift in Sources */ = {isa = PBXBuildFile; fileRef = 0F345A2F2B6B3DC0007528BD /* LocalFeedLoader.swift */; };
		0F345A322B6B3DFE007528BD /* FeedStore.swift in Sources */ = {isa = PBXBuildFile; fileRef = 0F345A312B6B3DFE007528BD /* FeedStore.swift */; };
		0F345A342B6B4D0E007528BD /* RemoteFeedItem.swift in Sources */ = {isa = PBXBuildFile; fileRef = 0F345A332B6B4D0E007528BD /* RemoteFeedItem.swift */; };
		0F345A362B6B4D59007528BD /* LocalFeedImage.swift in Sources */ = {isa = PBXBuildFile; fileRef = 0F345A352B6B4D59007528BD /* LocalFeedImage.swift */; };
		0F6AF0B42B92802E0027D15C /* CoreDataHelpers.swift in Sources */ = {isa = PBXBuildFile; fileRef = 0F6AF0B32B92802E0027D15C /* CoreDataHelpers.swift */; };
		0F6AF0B62B9280DF0027D15C /* ManagedCache.swift in Sources */ = {isa = PBXBuildFile; fileRef = 0F6AF0B52B9280DF0027D15C /* ManagedCache.swift */; };
		0F6AF0B82B9281050027D15C /* ManagedFeedImage.swift in Sources */ = {isa = PBXBuildFile; fileRef = 0F6AF0B72B9281050027D15C /* ManagedFeedImage.swift */; };
		0F71DA0C2B70218B0044C999 /* LoadFeedFromCacheUseCaseTests.swift in Sources */ = {isa = PBXBuildFile; fileRef = 0F71DA0B2B70218B0044C999 /* LoadFeedFromCacheUseCaseTests.swift */; };
		0F71DA0F2B7022830044C999 /* FeedStoreSpy.swift in Sources */ = {isa = PBXBuildFile; fileRef = 0F71DA0E2B7022830044C999 /* FeedStoreSpy.swift */; };
		0F71DA2D2B72FA970044C999 /* ValidateFeedCacheUseCase.swift in Sources */ = {isa = PBXBuildFile; fileRef = 0F71DA2C2B72FA970044C999 /* ValidateFeedCacheUseCase.swift */; };
		0F71DA2F2B7307850044C999 /* FeedCacheTestHelpers.swift in Sources */ = {isa = PBXBuildFile; fileRef = 0F71DA2E2B7307850044C999 /* FeedCacheTestHelpers.swift */; };
		0F71DA312B73083F0044C999 /* SharedTestHelpers.swift in Sources */ = {isa = PBXBuildFile; fileRef = 0F71DA302B73083F0044C999 /* SharedTestHelpers.swift */; };
		0F71DA332B7493070044C999 /* FeedCachePolicy.swift in Sources */ = {isa = PBXBuildFile; fileRef = 0F71DA322B7493070044C999 /* FeedCachePolicy.swift */; };
		0F71DA372B76EB2A0044C999 /* CodableFeedStoreTests.swift in Sources */ = {isa = PBXBuildFile; fileRef = 0F71DA362B76EB2A0044C999 /* CodableFeedStoreTests.swift */; };
		0F71DA3B2B841CBA0044C999 /* CodableFeedStore.swift in Sources */ = {isa = PBXBuildFile; fileRef = 0F71DA3A2B841CBA0044C999 /* CodableFeedStore.swift */; };
		0F71DA3D2B85C5BD0044C999 /* FeedStoreSpecs.swift in Sources */ = {isa = PBXBuildFile; fileRef = 0F71DA3C2B85C5BD0044C999 /* FeedStoreSpecs.swift */; };
		0F71DA3F2B85C64A0044C999 /* XCTestCase+FeedStoreSpecs.swift in Sources */ = {isa = PBXBuildFile; fileRef = 0F71DA3E2B85C64A0044C999 /* XCTestCase+FeedStoreSpecs.swift */; };
		0F71DA412B85C9B30044C999 /* XCTestCase+FailableRetrieveFeedStoreSpecs.swift in Sources */ = {isa = PBXBuildFile; fileRef = 0F71DA402B85C9B30044C999 /* XCTestCase+FailableRetrieveFeedStoreSpecs.swift */; };
		0F71DA432B85CA2B0044C999 /* XCTest+FailableInsertFeedStoreSpecs.swift in Sources */ = {isa = PBXBuildFile; fileRef = 0F71DA422B85CA2B0044C999 /* XCTest+FailableInsertFeedStoreSpecs.swift */; };
		0F71DA452B85CABD0044C999 /* XCTestCase+FailableDeleteFeedStoreSpecs.swift in Sources */ = {isa = PBXBuildFile; fileRef = 0F71DA442B85CABD0044C999 /* XCTestCase+FailableDeleteFeedStoreSpecs.swift */; };
		0F8915B92B913CAF00D2CFD4 /* CoreDataFeedStoreTests.swift in Sources */ = {isa = PBXBuildFile; fileRef = 0F8915B82B913CAF00D2CFD4 /* CoreDataFeedStoreTests.swift */; };
		0F8915BB2B913D6B00D2CFD4 /* CoreDataFeedStore.swift in Sources */ = {isa = PBXBuildFile; fileRef = 0F8915BA2B913D6B00D2CFD4 /* CoreDataFeedStore.swift */; };
		0F8915BE2B913F7400D2CFD4 /* FeedStore.xcdatamodeld in Sources */ = {isa = PBXBuildFile; fileRef = 0F8915BC2B913F7400D2CFD4 /* FeedStore.xcdatamodeld */; };
		0FC73FED2DB214CE00EA4604 /* EssentialDeviOS.framework in Frameworks */ = {isa = PBXBuildFile; fileRef = 0FC73FE52DB214CE00EA4604 /* EssentialDeviOS.framework */; };
		0FC73FFF2DB2150000EA4604 /* EssentialDev.framework in Frameworks */ = {isa = PBXBuildFile; fileRef = 0F1CDD8E2B3D73160080C5F5 /* EssentialDev.framework */; };
		0FC740002DB2150000EA4604 /* EssentialDev.framework in Embed Frameworks */ = {isa = PBXBuildFile; fileRef = 0F1CDD8E2B3D73160080C5F5 /* EssentialDev.framework */; settings = {ATTRIBUTES = (CodeSignOnCopy, RemoveHeadersOnCopy, ); }; };
		0FC740052DB2155600EA4604 /* FeedViewControllerTests.swift in Sources */ = {isa = PBXBuildFile; fileRef = 0FC73FFD2DB214E200EA4604 /* FeedViewControllerTests.swift */; };
		0FC740062DB217AF00EA4604 /* XCTestCase+MemoryLeakTracking.swift in Sources */ = {isa = PBXBuildFile; fileRef = 0F345A162B63839F007528BD /* XCTestCase+MemoryLeakTracking.swift */; };
		0FC740082DB2DB0200EA4604 /* FeedViewController.swift in Sources */ = {isa = PBXBuildFile; fileRef = 0FC740072DB2DB0200EA4604 /* FeedViewController.swift */; };
		0FC740502DB35EF600EA4604 /* FeedImageCell.swift in Sources */ = {isa = PBXBuildFile; fileRef = 0FC7404F2DB35EF600EA4604 /* FeedImageCell.swift */; };
		0FC740522DB44CE100EA4604 /* UIView+Shimmering.swift in Sources */ = {isa = PBXBuildFile; fileRef = 0FC740512DB44CE100EA4604 /* UIView+Shimmering.swift */; };
		0FC740552DB57BFA00EA4604 /* UIImage+TestHelpers.swift in Sources */ = {isa = PBXBuildFile; fileRef = 0FC740542DB57BFA00EA4604 /* UIImage+TestHelpers.swift */; };
		0FC740572DB57C9E00EA4604 /* UIRefreshControl+TestHelpers.swift in Sources */ = {isa = PBXBuildFile; fileRef = 0FC740562DB57C9E00EA4604 /* UIRefreshControl+TestHelpers.swift */; };
		0FC740592DB57DB900EA4604 /* UIButton+TestHelpers.swift in Sources */ = {isa = PBXBuildFile; fileRef = 0FC740582DB57DB900EA4604 /* UIButton+TestHelpers.swift */; };
		0FC7405B2DB57E3000EA4604 /* UIControl+TestHelpers.swift in Sources */ = {isa = PBXBuildFile; fileRef = 0FC7405A2DB57E3000EA4604 /* UIControl+TestHelpers.swift */; };
/* End PBXBuildFile section */

/* Begin PBXContainerItemProxy section */
		0F1542F52B96A4BC00AF81B1 /* PBXContainerItemProxy */ = {
			isa = PBXContainerItemProxy;
			containerPortal = 0F1CDD852B3D73160080C5F5 /* Project object */;
			proxyType = 1;
			remoteGlobalIDString = 0F1CDD8D2B3D73160080C5F5;
			remoteInfo = EssentialDev;
		};
		0F1CDD9A2B3D73170080C5F5 /* PBXContainerItemProxy */ = {
			isa = PBXContainerItemProxy;
			containerPortal = 0F1CDD852B3D73160080C5F5 /* Project object */;
			proxyType = 1;
			remoteGlobalIDString = 0F1CDD8D2B3D73160080C5F5;
			remoteInfo = "EssentialDev@";
		};
		0F345A242B64AD05007528BD /* PBXContainerItemProxy */ = {
			isa = PBXContainerItemProxy;
			containerPortal = 0F1CDD852B3D73160080C5F5 /* Project object */;
			proxyType = 1;
			remoteGlobalIDString = 0F1CDD8D2B3D73160080C5F5;
			remoteInfo = EssentialDev;
		};
		0FC73FEE2DB214CE00EA4604 /* PBXContainerItemProxy */ = {
			isa = PBXContainerItemProxy;
			containerPortal = 0F1CDD852B3D73160080C5F5 /* Project object */;
			proxyType = 1;
			remoteGlobalIDString = 0FC73FE42DB214CE00EA4604;
			remoteInfo = EssentialDeviOS;
		};
		0FC740012DB2150000EA4604 /* PBXContainerItemProxy */ = {
			isa = PBXContainerItemProxy;
			containerPortal = 0F1CDD852B3D73160080C5F5 /* Project object */;
			proxyType = 1;
			remoteGlobalIDString = 0F1CDD8D2B3D73160080C5F5;
			remoteInfo = EssentialDev;
		};
/* End PBXContainerItemProxy section */

/* Begin PBXCopyFilesBuildPhase section */
		0FC740032DB2150000EA4604 /* Embed Frameworks */ = {
			isa = PBXCopyFilesBuildPhase;
			buildActionMask = 2147483647;
			dstPath = "";
			dstSubfolderSpec = 10;
			files = (
				0FC740002DB2150000EA4604 /* EssentialDev.framework in Embed Frameworks */,
			);
			name = "Embed Frameworks";
			runOnlyForDeploymentPostprocessing = 0;
		};
/* End PBXCopyFilesBuildPhase section */

/* Begin PBXFileReference section */
		0F1542F02B96A4BC00AF81B1 /* EssentialDevCacheIntegrationTests.xctest */ = {isa = PBXFileReference; explicitFileType = wrapper.cfbundle; includeInIndex = 0; path = EssentialDevCacheIntegrationTests.xctest; sourceTree = BUILT_PRODUCTS_DIR; };
		0F1542F22B96A4BC00AF81B1 /* EssentialDevCacheIntegrationTests.swift */ = {isa = PBXFileReference; lastKnownFileType = sourcecode.swift; path = EssentialDevCacheIntegrationTests.swift; sourceTree = "<group>"; };
		0F1542FA2B96A4D100AF81B1 /* EssentialDevCacheIntegrationTests.xctestplan */ = {isa = PBXFileReference; lastKnownFileType = text; path = EssentialDevCacheIntegrationTests.xctestplan; sourceTree = "<group>"; };
		0F1CDD8E2B3D73160080C5F5 /* EssentialDev.framework */ = {isa = PBXFileReference; explicitFileType = wrapper.framework; includeInIndex = 0; path = EssentialDev.framework; sourceTree = BUILT_PRODUCTS_DIR; };
		0F1CDD912B3D73160080C5F5 /* EssentialDev_.h */ = {isa = PBXFileReference; lastKnownFileType = sourcecode.c.h; path = EssentialDev_.h; sourceTree = "<group>"; };
		0F1CDD922B3D73160080C5F5 /* EssentialDev_.docc */ = {isa = PBXFileReference; lastKnownFileType = folder.documentationcatalog; path = EssentialDev_.docc; sourceTree = "<group>"; };
		0F1CDD982B3D73170080C5F5 /* EssentialDevTests.xctest */ = {isa = PBXFileReference; explicitFileType = wrapper.cfbundle; includeInIndex = 0; path = EssentialDevTests.xctest; sourceTree = BUILT_PRODUCTS_DIR; };
		0F1CDDA82B3D732D0080C5F5 /* FeedImage.swift */ = {isa = PBXFileReference; lastKnownFileType = sourcecode.swift; path = FeedImage.swift; sourceTree = "<group>"; };
		0F1CDDAA2B3D73BA0080C5F5 /* FeedLoader.swift */ = {isa = PBXFileReference; lastKnownFileType = sourcecode.swift; path = FeedLoader.swift; sourceTree = "<group>"; };
		0F23BBAD2B4C8EFC00427AFB /* LoadFeedFromRemoteUseCaseTests.swift */ = {isa = PBXFileReference; lastKnownFileType = sourcecode.swift; path = LoadFeedFromRemoteUseCaseTests.swift; sourceTree = "<group>"; };
		0F23BBB02B4C975000427AFB /* RemoteFeedLoader.swift */ = {isa = PBXFileReference; lastKnownFileType = sourcecode.swift; path = RemoteFeedLoader.swift; sourceTree = "<group>"; };
		0F345A0E2B4F87AC007528BD /* HTTPClient.swift */ = {isa = PBXFileReference; lastKnownFileType = sourcecode.swift; path = HTTPClient.swift; sourceTree = "<group>"; };
		0F345A102B4F87F3007528BD /* FeedItemMapper.swift */ = {isa = PBXFileReference; lastKnownFileType = sourcecode.swift; path = FeedItemMapper.swift; sourceTree = "<group>"; };
		0F345A132B61F64B007528BD /* URLSessionHTTPClientTests.swift */ = {isa = PBXFileReference; lastKnownFileType = sourcecode.swift; path = URLSessionHTTPClientTests.swift; sourceTree = "<group>"; };
		0F345A162B63839F007528BD /* XCTestCase+MemoryLeakTracking.swift */ = {isa = PBXFileReference; lastKnownFileType = sourcecode.swift; path = "XCTestCase+MemoryLeakTracking.swift"; sourceTree = "<group>"; };
		0F345A182B639075007528BD /* URLSessionHTTPClient.swift */ = {isa = PBXFileReference; lastKnownFileType = sourcecode.swift; path = URLSessionHTTPClient.swift; sourceTree = "<group>"; };
		0F345A1A2B64A012007528BD /* EssentialDev.xctestplan */ = {isa = PBXFileReference; lastKnownFileType = text; path = EssentialDev.xctestplan; sourceTree = "<group>"; };
		0F345A1F2B64AD04007528BD /* EssentialDevEndToEndTests.xctest */ = {isa = PBXFileReference; explicitFileType = wrapper.cfbundle; includeInIndex = 0; path = EssentialDevEndToEndTests.xctest; sourceTree = BUILT_PRODUCTS_DIR; };
		0F345A212B64AD05007528BD /* EssentialDevEndToEndTests.swift */ = {isa = PBXFileReference; lastKnownFileType = sourcecode.swift; path = EssentialDevEndToEndTests.swift; sourceTree = "<group>"; };
		0F345A2A2B670A9B007528BD /* CI.xctestplan */ = {isa = PBXFileReference; lastKnownFileType = text; path = CI.xctestplan; sourceTree = "<group>"; };
		0F345A2C2B685CBA007528BD /* CacheFeedUseCaseTests.swift */ = {isa = PBXFileReference; lastKnownFileType = sourcecode.swift; path = CacheFeedUseCaseTests.swift; sourceTree = "<group>"; };
		0F345A2F2B6B3DC0007528BD /* LocalFeedLoader.swift */ = {isa = PBXFileReference; lastKnownFileType = sourcecode.swift; path = LocalFeedLoader.swift; sourceTree = "<group>"; };
		0F345A312B6B3DFE007528BD /* FeedStore.swift */ = {isa = PBXFileReference; lastKnownFileType = sourcecode.swift; path = FeedStore.swift; sourceTree = "<group>"; };
		0F345A332B6B4D0E007528BD /* RemoteFeedItem.swift */ = {isa = PBXFileReference; lastKnownFileType = sourcecode.swift; path = RemoteFeedItem.swift; sourceTree = "<group>"; };
		0F345A352B6B4D59007528BD /* LocalFeedImage.swift */ = {isa = PBXFileReference; lastKnownFileType = sourcecode.swift; path = LocalFeedImage.swift; sourceTree = "<group>"; };
		0F6AF0B32B92802E0027D15C /* CoreDataHelpers.swift */ = {isa = PBXFileReference; lastKnownFileType = sourcecode.swift; path = CoreDataHelpers.swift; sourceTree = "<group>"; };
		0F6AF0B52B9280DF0027D15C /* ManagedCache.swift */ = {isa = PBXFileReference; lastKnownFileType = sourcecode.swift; path = ManagedCache.swift; sourceTree = "<group>"; };
		0F6AF0B72B9281050027D15C /* ManagedFeedImage.swift */ = {isa = PBXFileReference; lastKnownFileType = sourcecode.swift; path = ManagedFeedImage.swift; sourceTree = "<group>"; };
		0F71DA0B2B70218B0044C999 /* LoadFeedFromCacheUseCaseTests.swift */ = {isa = PBXFileReference; lastKnownFileType = sourcecode.swift; path = LoadFeedFromCacheUseCaseTests.swift; sourceTree = "<group>"; };
		0F71DA0E2B7022830044C999 /* FeedStoreSpy.swift */ = {isa = PBXFileReference; lastKnownFileType = sourcecode.swift; path = FeedStoreSpy.swift; sourceTree = "<group>"; };
		0F71DA2C2B72FA970044C999 /* ValidateFeedCacheUseCase.swift */ = {isa = PBXFileReference; lastKnownFileType = sourcecode.swift; path = ValidateFeedCacheUseCase.swift; sourceTree = "<group>"; };
		0F71DA2E2B7307850044C999 /* FeedCacheTestHelpers.swift */ = {isa = PBXFileReference; lastKnownFileType = sourcecode.swift; path = FeedCacheTestHelpers.swift; sourceTree = "<group>"; };
		0F71DA302B73083F0044C999 /* SharedTestHelpers.swift */ = {isa = PBXFileReference; lastKnownFileType = sourcecode.swift; path = SharedTestHelpers.swift; sourceTree = "<group>"; };
		0F71DA322B7493070044C999 /* FeedCachePolicy.swift */ = {isa = PBXFileReference; lastKnownFileType = sourcecode.swift; path = FeedCachePolicy.swift; sourceTree = "<group>"; };
		0F71DA362B76EB2A0044C999 /* CodableFeedStoreTests.swift */ = {isa = PBXFileReference; lastKnownFileType = sourcecode.swift; path = CodableFeedStoreTests.swift; sourceTree = "<group>"; };
		0F71DA3A2B841CBA0044C999 /* CodableFeedStore.swift */ = {isa = PBXFileReference; lastKnownFileType = sourcecode.swift; path = CodableFeedStore.swift; sourceTree = "<group>"; };
		0F71DA3C2B85C5BD0044C999 /* FeedStoreSpecs.swift */ = {isa = PBXFileReference; lastKnownFileType = sourcecode.swift; path = FeedStoreSpecs.swift; sourceTree = "<group>"; };
		0F71DA3E2B85C64A0044C999 /* XCTestCase+FeedStoreSpecs.swift */ = {isa = PBXFileReference; lastKnownFileType = sourcecode.swift; path = "XCTestCase+FeedStoreSpecs.swift"; sourceTree = "<group>"; };
		0F71DA402B85C9B30044C999 /* XCTestCase+FailableRetrieveFeedStoreSpecs.swift */ = {isa = PBXFileReference; lastKnownFileType = sourcecode.swift; path = "XCTestCase+FailableRetrieveFeedStoreSpecs.swift"; sourceTree = "<group>"; };
		0F71DA422B85CA2B0044C999 /* XCTest+FailableInsertFeedStoreSpecs.swift */ = {isa = PBXFileReference; lastKnownFileType = sourcecode.swift; path = "XCTest+FailableInsertFeedStoreSpecs.swift"; sourceTree = "<group>"; };
		0F71DA442B85CABD0044C999 /* XCTestCase+FailableDeleteFeedStoreSpecs.swift */ = {isa = PBXFileReference; lastKnownFileType = sourcecode.swift; path = "XCTestCase+FailableDeleteFeedStoreSpecs.swift"; sourceTree = "<group>"; };
		0F8915B82B913CAF00D2CFD4 /* CoreDataFeedStoreTests.swift */ = {isa = PBXFileReference; lastKnownFileType = sourcecode.swift; path = CoreDataFeedStoreTests.swift; sourceTree = "<group>"; };
		0F8915BA2B913D6B00D2CFD4 /* CoreDataFeedStore.swift */ = {isa = PBXFileReference; lastKnownFileType = sourcecode.swift; path = CoreDataFeedStore.swift; sourceTree = "<group>"; };
		0F8915BD2B913F7400D2CFD4 /* FeedStore.xcdatamodel */ = {isa = PBXFileReference; lastKnownFileType = wrapper.xcdatamodel; path = FeedStore.xcdatamodel; sourceTree = "<group>"; };
		0FC73FE52DB214CE00EA4604 /* EssentialDeviOS.framework */ = {isa = PBXFileReference; explicitFileType = wrapper.framework; includeInIndex = 0; path = EssentialDeviOS.framework; sourceTree = BUILT_PRODUCTS_DIR; };
		0FC73FEC2DB214CE00EA4604 /* EssentialDeviOSTests.xctest */ = {isa = PBXFileReference; explicitFileType = wrapper.cfbundle; includeInIndex = 0; path = EssentialDeviOSTests.xctest; sourceTree = BUILT_PRODUCTS_DIR; };
		0FC73FFB2DB214E200EA4604 /* EssentialDeviOS.h */ = {isa = PBXFileReference; lastKnownFileType = sourcecode.c.h; path = EssentialDeviOS.h; sourceTree = "<group>"; };
		0FC73FFD2DB214E200EA4604 /* FeedViewControllerTests.swift */ = {isa = PBXFileReference; lastKnownFileType = sourcecode.swift; path = FeedViewControllerTests.swift; sourceTree = "<group>"; };
		0FC740042DB2152D00EA4604 /* EssentialDeviOS.xctestplan */ = {isa = PBXFileReference; lastKnownFileType = text; path = EssentialDeviOS.xctestplan; sourceTree = "<group>"; };
		0FC740072DB2DB0200EA4604 /* FeedViewController.swift */ = {isa = PBXFileReference; lastKnownFileType = sourcecode.swift; path = FeedViewController.swift; sourceTree = "<group>"; };
		0FC7404F2DB35EF600EA4604 /* FeedImageCell.swift */ = {isa = PBXFileReference; lastKnownFileType = sourcecode.swift; path = FeedImageCell.swift; sourceTree = "<group>"; };
		0FC740512DB44CE100EA4604 /* UIView+Shimmering.swift */ = {isa = PBXFileReference; lastKnownFileType = sourcecode.swift; path = "UIView+Shimmering.swift"; sourceTree = "<group>"; };
		0FC740542DB57BFA00EA4604 /* UIImage+TestHelpers.swift */ = {isa = PBXFileReference; lastKnownFileType = sourcecode.swift; path = "UIImage+TestHelpers.swift"; sourceTree = "<group>"; };
		0FC740562DB57C9E00EA4604 /* UIRefreshControl+TestHelpers.swift */ = {isa = PBXFileReference; lastKnownFileType = sourcecode.swift; path = "UIRefreshControl+TestHelpers.swift"; sourceTree = "<group>"; };
		0FC740582DB57DB900EA4604 /* UIButton+TestHelpers.swift */ = {isa = PBXFileReference; lastKnownFileType = sourcecode.swift; path = "UIButton+TestHelpers.swift"; sourceTree = "<group>"; };
		0FC7405A2DB57E3000EA4604 /* UIControl+TestHelpers.swift */ = {isa = PBXFileReference; lastKnownFileType = sourcecode.swift; path = "UIControl+TestHelpers.swift"; sourceTree = "<group>"; };
/* End PBXFileReference section */

/* Begin PBXFrameworksBuildPhase section */
		0F1542ED2B96A4BC00AF81B1 /* Frameworks */ = {
			isa = PBXFrameworksBuildPhase;
			buildActionMask = 2147483647;
			files = (
				0F1542F42B96A4BC00AF81B1 /* EssentialDev.framework in Frameworks */,
			);
			runOnlyForDeploymentPostprocessing = 0;
		};
		0F1CDD8B2B3D73160080C5F5 /* Frameworks */ = {
			isa = PBXFrameworksBuildPhase;
			buildActionMask = 2147483647;
			files = (
			);
			runOnlyForDeploymentPostprocessing = 0;
		};
		0F1CDD952B3D73170080C5F5 /* Frameworks */ = {
			isa = PBXFrameworksBuildPhase;
			buildActionMask = 2147483647;
			files = (
				0F1CDD992B3D73170080C5F5 /* EssentialDev.framework in Frameworks */,
			);
			runOnlyForDeploymentPostprocessing = 0;
		};
		0F345A1C2B64AD04007528BD /* Frameworks */ = {
			isa = PBXFrameworksBuildPhase;
			buildActionMask = 2147483647;
			files = (
				0F345A232B64AD05007528BD /* EssentialDev.framework in Frameworks */,
			);
			runOnlyForDeploymentPostprocessing = 0;
		};
		0FC73FE22DB214CE00EA4604 /* Frameworks */ = {
			isa = PBXFrameworksBuildPhase;
			buildActionMask = 2147483647;
			files = (
				0FC73FFF2DB2150000EA4604 /* EssentialDev.framework in Frameworks */,
			);
			runOnlyForDeploymentPostprocessing = 0;
		};
		0FC73FE92DB214CE00EA4604 /* Frameworks */ = {
			isa = PBXFrameworksBuildPhase;
			buildActionMask = 2147483647;
			files = (
				0FC73FED2DB214CE00EA4604 /* EssentialDeviOS.framework in Frameworks */,
			);
			runOnlyForDeploymentPostprocessing = 0;
		};
/* End PBXFrameworksBuildPhase section */

/* Begin PBXGroup section */
		0F1542F12B96A4BC00AF81B1 /* EssentialDevCacheIntegrationTests */ = {
			isa = PBXGroup;
			children = (
				0F1542F22B96A4BC00AF81B1 /* EssentialDevCacheIntegrationTests.swift */,
			);
			path = EssentialDevCacheIntegrationTests;
			sourceTree = "<group>";
		};
		0F1CDD842B3D73160080C5F5 = {
			isa = PBXGroup;
			children = (
				0FC740042DB2152D00EA4604 /* EssentialDeviOS.xctestplan */,
				0F1542FA2B96A4D100AF81B1 /* EssentialDevCacheIntegrationTests.xctestplan */,
				0F345A2A2B670A9B007528BD /* CI.xctestplan */,
				0F345A1A2B64A012007528BD /* EssentialDev.xctestplan */,
				0F1CDD902B3D73160080C5F5 /* EssentialDev */,
				0F1CDD9C2B3D73170080C5F5 /* EssentialDevTests */,
				0F345A202B64AD05007528BD /* EssentialDevEndToEndTests */,
				0F1542F12B96A4BC00AF81B1 /* EssentialDevCacheIntegrationTests */,
				0F9E74F92DB1AFBE00641531 /* Frameworks */,
				0F1CDD8F2B3D73160080C5F5 /* Products */,
				0FC73FFC2DB214E200EA4604 /* EssentialDeviOS */,
				0FC73FFE2DB214E200EA4604 /* EssentialDeviOSTests */,
			);
			sourceTree = "<group>";
		};
		0F1CDD8F2B3D73160080C5F5 /* Products */ = {
			isa = PBXGroup;
			children = (
				0F1CDD8E2B3D73160080C5F5 /* EssentialDev.framework */,
				0F1CDD982B3D73170080C5F5 /* EssentialDevTests.xctest */,
				0F345A1F2B64AD04007528BD /* EssentialDevEndToEndTests.xctest */,
				0F1542F02B96A4BC00AF81B1 /* EssentialDevCacheIntegrationTests.xctest */,
				0FC73FE52DB214CE00EA4604 /* EssentialDeviOS.framework */,
				0FC73FEC2DB214CE00EA4604 /* EssentialDeviOSTests.xctest */,
			);
			name = Products;
			sourceTree = "<group>";
		};
		0F1CDD902B3D73160080C5F5 /* EssentialDev */ = {
			isa = PBXGroup;
			children = (
				0F345A2E2B6B3DB1007528BD /* Feed Cache */,
				0F1CDDAC2B3D746B0080C5F5 /* Feed Feacture */,
				0F23BBAF2B4C974800427AFB /* Feed API */,
				0F1CDD912B3D73160080C5F5 /* EssentialDev_.h */,
				0F1CDD922B3D73160080C5F5 /* EssentialDev_.docc */,
			);
			path = EssentialDev;
			sourceTree = "<group>";
		};
		0F1CDD9C2B3D73170080C5F5 /* EssentialDevTests */ = {
			isa = PBXGroup;
			children = (
				0F345A152B638388007528BD /* Helper */,
				0F345A2B2B685CA3007528BD /* Feed Cache */,
				0F345A122B4F8DBD007528BD /* Feed API */,
			);
			path = EssentialDevTests;
			sourceTree = "<group>";
		};
		0F1CDDAC2B3D746B0080C5F5 /* Feed Feacture */ = {
			isa = PBXGroup;
			children = (
				0F1CDDA82B3D732D0080C5F5 /* FeedImage.swift */,
				0F1CDDAA2B3D73BA0080C5F5 /* FeedLoader.swift */,
			);
			path = "Feed Feacture";
			sourceTree = "<group>";
		};
		0F23BBAF2B4C974800427AFB /* Feed API */ = {
			isa = PBXGroup;
			children = (
				0F23BBB02B4C975000427AFB /* RemoteFeedLoader.swift */,
				0F345A102B4F87F3007528BD /* FeedItemMapper.swift */,
				0F345A0E2B4F87AC007528BD /* HTTPClient.swift */,
				0F345A182B639075007528BD /* URLSessionHTTPClient.swift */,
				0F345A332B6B4D0E007528BD /* RemoteFeedItem.swift */,
			);
			path = "Feed API";
			sourceTree = "<group>";
		};
		0F345A122B4F8DBD007528BD /* Feed API */ = {
			isa = PBXGroup;
			children = (
				0F23BBAD2B4C8EFC00427AFB /* LoadFeedFromRemoteUseCaseTests.swift */,
				0F345A132B61F64B007528BD /* URLSessionHTTPClientTests.swift */,
			);
			path = "Feed API";
			sourceTree = "<group>";
		};
		0F345A152B638388007528BD /* Helper */ = {
			isa = PBXGroup;
			children = (
				0F345A162B63839F007528BD /* XCTestCase+MemoryLeakTracking.swift */,
				0F71DA302B73083F0044C999 /* SharedTestHelpers.swift */,
			);
			path = Helper;
			sourceTree = "<group>";
		};
		0F345A202B64AD05007528BD /* EssentialDevEndToEndTests */ = {
			isa = PBXGroup;
			children = (
				0F345A212B64AD05007528BD /* EssentialDevEndToEndTests.swift */,
			);
			path = EssentialDevEndToEndTests;
			sourceTree = "<group>";
		};
		0F345A2B2B685CA3007528BD /* Feed Cache */ = {
			isa = PBXGroup;
			children = (
				0F71DA0D2B70227A0044C999 /* Helpers */,
				0F345A2C2B685CBA007528BD /* CacheFeedUseCaseTests.swift */,
				0F71DA0B2B70218B0044C999 /* LoadFeedFromCacheUseCaseTests.swift */,
				0F71DA2C2B72FA970044C999 /* ValidateFeedCacheUseCase.swift */,
				0F71DA362B76EB2A0044C999 /* CodableFeedStoreTests.swift */,
				0F8915B82B913CAF00D2CFD4 /* CoreDataFeedStoreTests.swift */,
				0F71DA462B85CB360044C999 /* FeedStoreSpecs */,
			);
			path = "Feed Cache";
			sourceTree = "<group>";
		};
		0F345A2E2B6B3DB1007528BD /* Feed Cache */ = {
			isa = PBXGroup;
			children = (
				0F345A2F2B6B3DC0007528BD /* LocalFeedLoader.swift */,
				0F345A312B6B3DFE007528BD /* FeedStore.swift */,
				0F345A352B6B4D59007528BD /* LocalFeedImage.swift */,
				0F71DA322B7493070044C999 /* FeedCachePolicy.swift */,
				0F6AF0B02B927F5C0027D15C /* Infrastructure */,
			);
			path = "Feed Cache";
			sourceTree = "<group>";
		};
		0F6AF0B02B927F5C0027D15C /* Infrastructure */ = {
			isa = PBXGroup;
			children = (
				0F6AF0B22B927FF00027D15C /* Codable */,
				0F6AF0B12B927F830027D15C /* CoreData */,
			);
			path = Infrastructure;
			sourceTree = "<group>";
		};
		0F6AF0B12B927F830027D15C /* CoreData */ = {
			isa = PBXGroup;
			children = (
				0F8915BA2B913D6B00D2CFD4 /* CoreDataFeedStore.swift */,
				0F8915BC2B913F7400D2CFD4 /* FeedStore.xcdatamodeld */,
				0F6AF0B32B92802E0027D15C /* CoreDataHelpers.swift */,
				0F6AF0B52B9280DF0027D15C /* ManagedCache.swift */,
				0F6AF0B72B9281050027D15C /* ManagedFeedImage.swift */,
			);
			path = CoreData;
			sourceTree = "<group>";
		};
		0F6AF0B22B927FF00027D15C /* Codable */ = {
			isa = PBXGroup;
			children = (
				0F71DA3A2B841CBA0044C999 /* CodableFeedStore.swift */,
			);
			path = Codable;
			sourceTree = "<group>";
		};
		0F71DA0D2B70227A0044C999 /* Helpers */ = {
			isa = PBXGroup;
			children = (
				0F71DA0E2B7022830044C999 /* FeedStoreSpy.swift */,
				0F71DA2E2B7307850044C999 /* FeedCacheTestHelpers.swift */,
			);
			path = Helpers;
			sourceTree = "<group>";
		};
		0F71DA462B85CB360044C999 /* FeedStoreSpecs */ = {
			isa = PBXGroup;
			children = (
				0F71DA442B85CABD0044C999 /* XCTestCase+FailableDeleteFeedStoreSpecs.swift */,
				0F71DA422B85CA2B0044C999 /* XCTest+FailableInsertFeedStoreSpecs.swift */,
				0F71DA402B85C9B30044C999 /* XCTestCase+FailableRetrieveFeedStoreSpecs.swift */,
				0F71DA3E2B85C64A0044C999 /* XCTestCase+FeedStoreSpecs.swift */,
				0F71DA3C2B85C5BD0044C999 /* FeedStoreSpecs.swift */,
			);
			path = FeedStoreSpecs;
			sourceTree = "<group>";
		};
		0F9E74F92DB1AFBE00641531 /* Frameworks */ = {
			isa = PBXGroup;
			children = (
			);
			name = Frameworks;
			sourceTree = "<group>";
		};
		0FC73FFC2DB214E200EA4604 /* EssentialDeviOS */ = {
			isa = PBXGroup;
			children = (
				0FC7405D2DB57F7D00EA4604 /* Views */,
				0FC7405C2DB57F6600EA4604 /* Controllers */,
				0FC73FFB2DB214E200EA4604 /* EssentialDeviOS.h */,
			);
			path = EssentialDeviOS;
			sourceTree = "<group>";
		};
		0FC73FFE2DB214E200EA4604 /* EssentialDeviOSTests */ = {
			isa = PBXGroup;
			children = (
				0FC740602DB57FF100EA4604 /* Controllers */,
				0FC740532DB57BE300EA4604 /* Helpers */,
			);
			path = EssentialDeviOSTests;
			sourceTree = "<group>";
		};
		0FC740532DB57BE300EA4604 /* Helpers */ = {
			isa = PBXGroup;
			children = (
				0FC740542DB57BFA00EA4604 /* UIImage+TestHelpers.swift */,
				0FC740562DB57C9E00EA4604 /* UIRefreshControl+TestHelpers.swift */,
				0FC740582DB57DB900EA4604 /* UIButton+TestHelpers.swift */,
				0FC7405A2DB57E3000EA4604 /* UIControl+TestHelpers.swift */,
			);
			path = Helpers;
			sourceTree = "<group>";
		};
		0FC7405C2DB57F6600EA4604 /* Controllers */ = {
			isa = PBXGroup;
			children = (
				0FC740072DB2DB0200EA4604 /* FeedViewController.swift */,
			);
			path = Controllers;
			sourceTree = "<group>";
		};
		0FC7405D2DB57F7D00EA4604 /* Views */ = {
			isa = PBXGroup;
			children = (
				0FC7405F2DB57F9600EA4604 /* Helpers */,
				0FC7404F2DB35EF600EA4604 /* FeedImageCell.swift */,
			);
			path = Views;
			sourceTree = "<group>";
		};
		0FC7405F2DB57F9600EA4604 /* Helpers */ = {
			isa = PBXGroup;
			children = (
				0FC740512DB44CE100EA4604 /* UIView+Shimmering.swift */,
			);
			path = Helpers;
			sourceTree = "<group>";
		};
		0FC740602DB57FF100EA4604 /* Controllers */ = {
			isa = PBXGroup;
			children = (
				0FC73FFD2DB214E200EA4604 /* FeedViewControllerTests.swift */,
			);
			path = Controllers;
			sourceTree = "<group>";
		};
/* End PBXGroup section */

/* Begin PBXHeadersBuildPhase section */
		0F1CDD892B3D73160080C5F5 /* Headers */ = {
			isa = PBXHeadersBuildPhase;
			buildActionMask = 2147483647;
			files = (
				0F1CDD9F2B3D73170080C5F5 /* EssentialDev_.h in Headers */,
			);
			runOnlyForDeploymentPostprocessing = 0;
		};
		0FC73FE02DB214CE00EA4604 /* Headers */ = {
			isa = PBXHeadersBuildPhase;
			buildActionMask = 2147483647;
			files = (
			);
			runOnlyForDeploymentPostprocessing = 0;
		};
/* End PBXHeadersBuildPhase section */

/* Begin PBXNativeTarget section */
		0F1542EF2B96A4BC00AF81B1 /* EssentialDevCacheIntegrationTests */ = {
			isa = PBXNativeTarget;
			buildConfigurationList = 0F1542F92B96A4BC00AF81B1 /* Build configuration list for PBXNativeTarget "EssentialDevCacheIntegrationTests" */;
			buildPhases = (
				0F1542EC2B96A4BC00AF81B1 /* Sources */,
				0F1542ED2B96A4BC00AF81B1 /* Frameworks */,
				0F1542EE2B96A4BC00AF81B1 /* Resources */,
			);
			buildRules = (
			);
			dependencies = (
				0F1542F62B96A4BC00AF81B1 /* PBXTargetDependency */,
			);
			name = EssentialDevCacheIntegrationTests;
			productName = EssentialDevCacheIntegrationTests;
			productReference = 0F1542F02B96A4BC00AF81B1 /* EssentialDevCacheIntegrationTests.xctest */;
			productType = "com.apple.product-type.bundle.unit-test";
		};
		0F1CDD8D2B3D73160080C5F5 /* EssentialDev */ = {
			isa = PBXNativeTarget;
			buildConfigurationList = 0F1CDDA22B3D73170080C5F5 /* Build configuration list for PBXNativeTarget "EssentialDev" */;
			buildPhases = (
				0F1CDD892B3D73160080C5F5 /* Headers */,
				0F1CDD8A2B3D73160080C5F5 /* Sources */,
				0F1CDD8B2B3D73160080C5F5 /* Frameworks */,
				0F1CDD8C2B3D73160080C5F5 /* Resources */,
			);
			buildRules = (
			);
			dependencies = (
			);
			name = EssentialDev;
			productName = "EssentialDev@";
			productReference = 0F1CDD8E2B3D73160080C5F5 /* EssentialDev.framework */;
			productType = "com.apple.product-type.framework";
		};
		0F1CDD972B3D73170080C5F5 /* EssentialDevTests */ = {
			isa = PBXNativeTarget;
			buildConfigurationList = 0F1CDDA52B3D73170080C5F5 /* Build configuration list for PBXNativeTarget "EssentialDevTests" */;
			buildPhases = (
				0F1CDD942B3D73170080C5F5 /* Sources */,
				0F1CDD952B3D73170080C5F5 /* Frameworks */,
				0F1CDD962B3D73170080C5F5 /* Resources */,
			);
			buildRules = (
			);
			dependencies = (
				0F1CDD9B2B3D73170080C5F5 /* PBXTargetDependency */,
			);
			name = EssentialDevTests;
			productName = "EssentialDev@Tests";
			productReference = 0F1CDD982B3D73170080C5F5 /* EssentialDevTests.xctest */;
			productType = "com.apple.product-type.bundle.unit-test";
		};
		0F345A1E2B64AD04007528BD /* EssentialDevEndToEndTests */ = {
			isa = PBXNativeTarget;
			buildConfigurationList = 0F345A262B64AD05007528BD /* Build configuration list for PBXNativeTarget "EssentialDevEndToEndTests" */;
			buildPhases = (
				0F345A1B2B64AD04007528BD /* Sources */,
				0F345A1C2B64AD04007528BD /* Frameworks */,
				0F345A1D2B64AD04007528BD /* Resources */,
			);
			buildRules = (
			);
			dependencies = (
				0F345A252B64AD05007528BD /* PBXTargetDependency */,
			);
			name = EssentialDevEndToEndTests;
			productName = EssentialDevEndToEndTests;
			productReference = 0F345A1F2B64AD04007528BD /* EssentialDevEndToEndTests.xctest */;
			productType = "com.apple.product-type.bundle.unit-test";
		};
		0FC73FE42DB214CE00EA4604 /* EssentialDeviOS */ = {
			isa = PBXNativeTarget;
			buildConfigurationList = 0FC73FF52DB214CE00EA4604 /* Build configuration list for PBXNativeTarget "EssentialDeviOS" */;
			buildPhases = (
				0FC73FE02DB214CE00EA4604 /* Headers */,
				0FC73FE12DB214CE00EA4604 /* Sources */,
				0FC73FE22DB214CE00EA4604 /* Frameworks */,
				0FC73FE32DB214CE00EA4604 /* Resources */,
				0FC740032DB2150000EA4604 /* Embed Frameworks */,
			);
			buildRules = (
			);
			dependencies = (
				0FC740022DB2150000EA4604 /* PBXTargetDependency */,
			);
			name = EssentialDeviOS;
			packageProductDependencies = (
			);
			productName = EssentialDeviOS;
			productReference = 0FC73FE52DB214CE00EA4604 /* EssentialDeviOS.framework */;
			productType = "com.apple.product-type.framework";
		};
		0FC73FEB2DB214CE00EA4604 /* EssentialDeviOSTests */ = {
			isa = PBXNativeTarget;
			buildConfigurationList = 0FC73FF82DB214CE00EA4604 /* Build configuration list for PBXNativeTarget "EssentialDeviOSTests" */;
			buildPhases = (
				0FC73FE82DB214CE00EA4604 /* Sources */,
				0FC73FE92DB214CE00EA4604 /* Frameworks */,
				0FC73FEA2DB214CE00EA4604 /* Resources */,
			);
			buildRules = (
			);
			dependencies = (
				0FC73FEF2DB214CE00EA4604 /* PBXTargetDependency */,
			);
			name = EssentialDeviOSTests;
			packageProductDependencies = (
			);
			productName = EssentialDeviOSTests;
			productReference = 0FC73FEC2DB214CE00EA4604 /* EssentialDeviOSTests.xctest */;
			productType = "com.apple.product-type.bundle.unit-test";
		};
/* End PBXNativeTarget section */

/* Begin PBXProject section */
		0F1CDD852B3D73160080C5F5 /* Project object */ = {
			isa = PBXProject;
			attributes = {
				BuildIndependentTargetsInParallel = 1;
				LastSwiftUpdateCheck = 1620;
				LastUpgradeCheck = 1620;
				TargetAttributes = {
					0F1542EF2B96A4BC00AF81B1 = {
						CreatedOnToolsVersion = 15.2;
					};
					0F1CDD8D2B3D73160080C5F5 = {
						CreatedOnToolsVersion = 15.0;
					};
					0F1CDD972B3D73170080C5F5 = {
						CreatedOnToolsVersion = 15.0;
						LastSwiftMigration = 1500;
					};
					0F345A1E2B64AD04007528BD = {
						CreatedOnToolsVersion = 15.0;
					};
					0FC73FE42DB214CE00EA4604 = {
						CreatedOnToolsVersion = 16.2;
						LastSwiftMigration = 1620;
					};
					0FC73FEB2DB214CE00EA4604 = {
						CreatedOnToolsVersion = 16.2;
					};
				};
			};
			buildConfigurationList = 0F1CDD882B3D73160080C5F5 /* Build configuration list for PBXProject "EssentialDev" */;
			compatibilityVersion = "Xcode 14.0";
			developmentRegion = en;
			hasScannedForEncodings = 0;
			knownRegions = (
				en,
				Base,
			);
			mainGroup = 0F1CDD842B3D73160080C5F5;
			productRefGroup = 0F1CDD8F2B3D73160080C5F5 /* Products */;
			projectDirPath = "";
			projectRoot = "";
			targets = (
				0F1CDD8D2B3D73160080C5F5 /* EssentialDev */,
				0F1CDD972B3D73170080C5F5 /* EssentialDevTests */,
				0F345A1E2B64AD04007528BD /* EssentialDevEndToEndTests */,
				0F1542EF2B96A4BC00AF81B1 /* EssentialDevCacheIntegrationTests */,
				0FC73FE42DB214CE00EA4604 /* EssentialDeviOS */,
				0FC73FEB2DB214CE00EA4604 /* EssentialDeviOSTests */,
			);
		};
/* End PBXProject section */

/* Begin PBXResourcesBuildPhase section */
		0F1542EE2B96A4BC00AF81B1 /* Resources */ = {
			isa = PBXResourcesBuildPhase;
			buildActionMask = 2147483647;
			files = (
			);
			runOnlyForDeploymentPostprocessing = 0;
		};
		0F1CDD8C2B3D73160080C5F5 /* Resources */ = {
			isa = PBXResourcesBuildPhase;
			buildActionMask = 2147483647;
			files = (
			);
			runOnlyForDeploymentPostprocessing = 0;
		};
		0F1CDD962B3D73170080C5F5 /* Resources */ = {
			isa = PBXResourcesBuildPhase;
			buildActionMask = 2147483647;
			files = (
			);
			runOnlyForDeploymentPostprocessing = 0;
		};
		0F345A1D2B64AD04007528BD /* Resources */ = {
			isa = PBXResourcesBuildPhase;
			buildActionMask = 2147483647;
			files = (
			);
			runOnlyForDeploymentPostprocessing = 0;
		};
		0FC73FE32DB214CE00EA4604 /* Resources */ = {
			isa = PBXResourcesBuildPhase;
			buildActionMask = 2147483647;
			files = (
			);
			runOnlyForDeploymentPostprocessing = 0;
		};
		0FC73FEA2DB214CE00EA4604 /* Resources */ = {
			isa = PBXResourcesBuildPhase;
			buildActionMask = 2147483647;
			files = (
			);
			runOnlyForDeploymentPostprocessing = 0;
		};
/* End PBXResourcesBuildPhase section */

/* Begin PBXSourcesBuildPhase section */
		0F1542EC2B96A4BC00AF81B1 /* Sources */ = {
			isa = PBXSourcesBuildPhase;
			buildActionMask = 2147483647;
			files = (
				0F1542FF2B96A72800AF81B1 /* SharedTestHelpers.swift in Sources */,
				0F1542F32B96A4BC00AF81B1 /* EssentialDevCacheIntegrationTests.swift in Sources */,
				0F1542FE2B96A72100AF81B1 /* FeedCacheTestHelpers.swift in Sources */,
				0F1542FD2B96A63800AF81B1 /* XCTestCase+MemoryLeakTracking.swift in Sources */,
			);
			runOnlyForDeploymentPostprocessing = 0;
		};
		0F1CDD8A2B3D73160080C5F5 /* Sources */ = {
			isa = PBXSourcesBuildPhase;
			buildActionMask = 2147483647;
			files = (
				0F345A362B6B4D59007528BD /* LocalFeedImage.swift in Sources */,
				0F8915BE2B913F7400D2CFD4 /* FeedStore.xcdatamodeld in Sources */,
				0F345A322B6B3DFE007528BD /* FeedStore.swift in Sources */,
				0F345A192B639075007528BD /* URLSessionHTTPClient.swift in Sources */,
				0F23BBB12B4C975000427AFB /* RemoteFeedLoader.swift in Sources */,
				0F345A0F2B4F87AC007528BD /* HTTPClient.swift in Sources */,
				0F6AF0B42B92802E0027D15C /* CoreDataHelpers.swift in Sources */,
				0F1CDDAB2B3D73BA0080C5F5 /* FeedLoader.swift in Sources */,
				0F8915BB2B913D6B00D2CFD4 /* CoreDataFeedStore.swift in Sources */,
				0F6AF0B62B9280DF0027D15C /* ManagedCache.swift in Sources */,
				0F345A112B4F87F3007528BD /* FeedItemMapper.swift in Sources */,
				0F345A342B6B4D0E007528BD /* RemoteFeedItem.swift in Sources */,
				0F71DA3B2B841CBA0044C999 /* CodableFeedStore.swift in Sources */,
				0F71DA332B7493070044C999 /* FeedCachePolicy.swift in Sources */,
				0F1CDDA92B3D732D0080C5F5 /* FeedImage.swift in Sources */,
				0F6AF0B82B9281050027D15C /* ManagedFeedImage.swift in Sources */,
				0F345A302B6B3DC0007528BD /* LocalFeedLoader.swift in Sources */,
				0F1CDD932B3D73160080C5F5 /* EssentialDev_.docc in Sources */,
			);
			runOnlyForDeploymentPostprocessing = 0;
		};
		0F1CDD942B3D73170080C5F5 /* Sources */ = {
			isa = PBXSourcesBuildPhase;
			buildActionMask = 2147483647;
			files = (
				0F71DA372B76EB2A0044C999 /* CodableFeedStoreTests.swift in Sources */,
				0F71DA2F2B7307850044C999 /* FeedCacheTestHelpers.swift in Sources */,
				0F23BBAE2B4C8EFC00427AFB /* LoadFeedFromRemoteUseCaseTests.swift in Sources */,
				0F345A142B61F64B007528BD /* URLSessionHTTPClientTests.swift in Sources */,
				0F71DA0F2B7022830044C999 /* FeedStoreSpy.swift in Sources */,
				0F345A2D2B685CBA007528BD /* CacheFeedUseCaseTests.swift in Sources */,
				0F71DA432B85CA2B0044C999 /* XCTest+FailableInsertFeedStoreSpecs.swift in Sources */,
				0F71DA312B73083F0044C999 /* SharedTestHelpers.swift in Sources */,
				0F71DA2D2B72FA970044C999 /* ValidateFeedCacheUseCase.swift in Sources */,
				0F71DA452B85CABD0044C999 /* XCTestCase+FailableDeleteFeedStoreSpecs.swift in Sources */,
				0F71DA412B85C9B30044C999 /* XCTestCase+FailableRetrieveFeedStoreSpecs.swift in Sources */,
				0F71DA0C2B70218B0044C999 /* LoadFeedFromCacheUseCaseTests.swift in Sources */,
				0F71DA3D2B85C5BD0044C999 /* FeedStoreSpecs.swift in Sources */,
				0F345A172B63839F007528BD /* XCTestCase+MemoryLeakTracking.swift in Sources */,
				0F8915B92B913CAF00D2CFD4 /* CoreDataFeedStoreTests.swift in Sources */,
				0F71DA3F2B85C64A0044C999 /* XCTestCase+FeedStoreSpecs.swift in Sources */,
			);
			runOnlyForDeploymentPostprocessing = 0;
		};
		0F345A1B2B64AD04007528BD /* Sources */ = {
			isa = PBXSourcesBuildPhase;
			buildActionMask = 2147483647;
			files = (
				0F345A222B64AD05007528BD /* EssentialDevEndToEndTests.swift in Sources */,
				0F345A292B670970007528BD /* XCTestCase+MemoryLeakTracking.swift in Sources */,
			);
			runOnlyForDeploymentPostprocessing = 0;
		};
		0FC73FE12DB214CE00EA4604 /* Sources */ = {
			isa = PBXSourcesBuildPhase;
			buildActionMask = 2147483647;
			files = (
				0FC740522DB44CE100EA4604 /* UIView+Shimmering.swift in Sources */,
				0FC740082DB2DB0200EA4604 /* FeedViewController.swift in Sources */,
				0FC740502DB35EF600EA4604 /* FeedImageCell.swift in Sources */,
			);
			runOnlyForDeploymentPostprocessing = 0;
		};
		0FC73FE82DB214CE00EA4604 /* Sources */ = {
			isa = PBXSourcesBuildPhase;
			buildActionMask = 2147483647;
			files = (
				0FC740052DB2155600EA4604 /* FeedViewControllerTests.swift in Sources */,
				0FC740592DB57DB900EA4604 /* UIButton+TestHelpers.swift in Sources */,
				0FC740572DB57C9E00EA4604 /* UIRefreshControl+TestHelpers.swift in Sources */,
				0FC7405B2DB57E3000EA4604 /* UIControl+TestHelpers.swift in Sources */,
				0FC740062DB217AF00EA4604 /* XCTestCase+MemoryLeakTracking.swift in Sources */,
				0FC740552DB57BFA00EA4604 /* UIImage+TestHelpers.swift in Sources */,
			);
			runOnlyForDeploymentPostprocessing = 0;
		};
/* End PBXSourcesBuildPhase section */

/* Begin PBXTargetDependency section */
		0F1542F62B96A4BC00AF81B1 /* PBXTargetDependency */ = {
			isa = PBXTargetDependency;
			target = 0F1CDD8D2B3D73160080C5F5 /* EssentialDev */;
			targetProxy = 0F1542F52B96A4BC00AF81B1 /* PBXContainerItemProxy */;
		};
		0F1CDD9B2B3D73170080C5F5 /* PBXTargetDependency */ = {
			isa = PBXTargetDependency;
			target = 0F1CDD8D2B3D73160080C5F5 /* EssentialDev */;
			targetProxy = 0F1CDD9A2B3D73170080C5F5 /* PBXContainerItemProxy */;
		};
		0F345A252B64AD05007528BD /* PBXTargetDependency */ = {
			isa = PBXTargetDependency;
			target = 0F1CDD8D2B3D73160080C5F5 /* EssentialDev */;
			targetProxy = 0F345A242B64AD05007528BD /* PBXContainerItemProxy */;
		};
		0FC73FEF2DB214CE00EA4604 /* PBXTargetDependency */ = {
			isa = PBXTargetDependency;
			target = 0FC73FE42DB214CE00EA4604 /* EssentialDeviOS */;
			targetProxy = 0FC73FEE2DB214CE00EA4604 /* PBXContainerItemProxy */;
		};
		0FC740022DB2150000EA4604 /* PBXTargetDependency */ = {
			isa = PBXTargetDependency;
			target = 0F1CDD8D2B3D73160080C5F5 /* EssentialDev */;
			targetProxy = 0FC740012DB2150000EA4604 /* PBXContainerItemProxy */;
		};
/* End PBXTargetDependency section */

/* Begin XCBuildConfiguration section */
		0F1542F72B96A4BC00AF81B1 /* Debug */ = {
			isa = XCBuildConfiguration;
			buildSettings = {
				"CODE_SIGN_IDENTITY[sdk=macosx*]" = "-";
				CODE_SIGN_STYLE = Automatic;
				CURRENT_PROJECT_VERSION = 1;
				DEVELOPMENT_TEAM = R5599LYD4Y;
				GENERATE_INFOPLIST_FILE = YES;
				MACOSX_DEPLOYMENT_TARGET = 14.2;
				MARKETING_VERSION = 1.0;
				PRODUCT_BUNDLE_IDENTIFIER = com.minyanghuang.EssentialDevCacheIntegrationTests;
				PRODUCT_NAME = "$(TARGET_NAME)";
				SUPPORTED_PLATFORMS = "iphoneos iphonesimulator macosx";
				SUPPORTS_MACCATALYST = NO;
				SWIFT_EMIT_LOC_STRINGS = NO;
				SWIFT_VERSION = 5.0;
				TARGETED_DEVICE_FAMILY = 1;
			};
			name = Debug;
		};
		0F1542F82B96A4BC00AF81B1 /* Release */ = {
			isa = XCBuildConfiguration;
			buildSettings = {
				"CODE_SIGN_IDENTITY[sdk=macosx*]" = "-";
				CODE_SIGN_STYLE = Automatic;
				CURRENT_PROJECT_VERSION = 1;
				DEVELOPMENT_TEAM = R5599LYD4Y;
				GENERATE_INFOPLIST_FILE = YES;
				MACOSX_DEPLOYMENT_TARGET = 14.2;
				MARKETING_VERSION = 1.0;
				PRODUCT_BUNDLE_IDENTIFIER = com.minyanghuang.EssentialDevCacheIntegrationTests;
				PRODUCT_NAME = "$(TARGET_NAME)";
				SUPPORTED_PLATFORMS = "iphoneos iphonesimulator macosx";
				SUPPORTS_MACCATALYST = NO;
				SWIFT_EMIT_LOC_STRINGS = NO;
				SWIFT_VERSION = 5.0;
				TARGETED_DEVICE_FAMILY = 1;
			};
			name = Release;
		};
		0F1CDDA02B3D73170080C5F5 /* Debug */ = {
			isa = XCBuildConfiguration;
			buildSettings = {
				ALWAYS_SEARCH_USER_PATHS = NO;
				ASSETCATALOG_COMPILER_GENERATE_SWIFT_ASSET_SYMBOL_EXTENSIONS = YES;
				CLANG_ANALYZER_NONNULL = YES;
				CLANG_ANALYZER_NUMBER_OBJECT_CONVERSION = YES_AGGRESSIVE;
				CLANG_CXX_LANGUAGE_STANDARD = "gnu++20";
				CLANG_ENABLE_MODULES = YES;
				CLANG_ENABLE_OBJC_ARC = YES;
				CLANG_ENABLE_OBJC_WEAK = YES;
				CLANG_WARN_BLOCK_CAPTURE_AUTORELEASING = YES;
				CLANG_WARN_BOOL_CONVERSION = YES;
				CLANG_WARN_COMMA = YES;
				CLANG_WARN_CONSTANT_CONVERSION = YES;
				CLANG_WARN_DEPRECATED_OBJC_IMPLEMENTATIONS = YES;
				CLANG_WARN_DIRECT_OBJC_ISA_USAGE = YES_ERROR;
				CLANG_WARN_DOCUMENTATION_COMMENTS = YES;
				CLANG_WARN_EMPTY_BODY = YES;
				CLANG_WARN_ENUM_CONVERSION = YES;
				CLANG_WARN_INFINITE_RECURSION = YES;
				CLANG_WARN_INT_CONVERSION = YES;
				CLANG_WARN_NON_LITERAL_NULL_CONVERSION = YES;
				CLANG_WARN_OBJC_IMPLICIT_RETAIN_SELF = YES;
				CLANG_WARN_OBJC_LITERAL_CONVERSION = YES;
				CLANG_WARN_OBJC_ROOT_CLASS = YES_ERROR;
				CLANG_WARN_QUOTED_INCLUDE_IN_FRAMEWORK_HEADER = YES;
				CLANG_WARN_RANGE_LOOP_ANALYSIS = YES;
				CLANG_WARN_STRICT_PROTOTYPES = YES;
				CLANG_WARN_SUSPICIOUS_MOVE = YES;
				CLANG_WARN_UNGUARDED_AVAILABILITY = YES_AGGRESSIVE;
				CLANG_WARN_UNREACHABLE_CODE = YES;
				CLANG_WARN__DUPLICATE_METHOD_MATCH = YES;
				COPY_PHASE_STRIP = NO;
				CURRENT_PROJECT_VERSION = 1;
				DEAD_CODE_STRIPPING = YES;
				DEBUG_INFORMATION_FORMAT = dwarf;
				ENABLE_STRICT_OBJC_MSGSEND = YES;
				ENABLE_TESTABILITY = YES;
				ENABLE_USER_SCRIPT_SANDBOXING = YES;
				GCC_C_LANGUAGE_STANDARD = gnu17;
				GCC_DYNAMIC_NO_PIC = NO;
				GCC_NO_COMMON_BLOCKS = YES;
				GCC_OPTIMIZATION_LEVEL = 0;
				GCC_PREPROCESSOR_DEFINITIONS = (
					"DEBUG=1",
					"$(inherited)",
				);
				GCC_WARN_64_TO_32_BIT_CONVERSION = YES;
				GCC_WARN_ABOUT_RETURN_TYPE = YES_ERROR;
				GCC_WARN_UNDECLARED_SELECTOR = YES;
				GCC_WARN_UNINITIALIZED_AUTOS = YES_AGGRESSIVE;
				GCC_WARN_UNUSED_FUNCTION = YES;
				GCC_WARN_UNUSED_VARIABLE = YES;
				LOCALIZATION_PREFERS_STRING_CATALOGS = YES;
				MACOSX_DEPLOYMENT_TARGET = 14.0;
				MTL_ENABLE_DEBUG_INFO = INCLUDE_SOURCE;
				MTL_FAST_MATH = YES;
				ONLY_ACTIVE_ARCH = YES;
				SDKROOT = macosx;
				SWIFT_ACTIVE_COMPILATION_CONDITIONS = "DEBUG $(inherited)";
				SWIFT_OPTIMIZATION_LEVEL = "-Onone";
				VERSIONING_SYSTEM = "apple-generic";
				VERSION_INFO_PREFIX = "";
			};
			name = Debug;
		};
		0F1CDDA12B3D73170080C5F5 /* Release */ = {
			isa = XCBuildConfiguration;
			buildSettings = {
				ALWAYS_SEARCH_USER_PATHS = NO;
				ASSETCATALOG_COMPILER_GENERATE_SWIFT_ASSET_SYMBOL_EXTENSIONS = YES;
				CLANG_ANALYZER_NONNULL = YES;
				CLANG_ANALYZER_NUMBER_OBJECT_CONVERSION = YES_AGGRESSIVE;
				CLANG_CXX_LANGUAGE_STANDARD = "gnu++20";
				CLANG_ENABLE_MODULES = YES;
				CLANG_ENABLE_OBJC_ARC = YES;
				CLANG_ENABLE_OBJC_WEAK = YES;
				CLANG_WARN_BLOCK_CAPTURE_AUTORELEASING = YES;
				CLANG_WARN_BOOL_CONVERSION = YES;
				CLANG_WARN_COMMA = YES;
				CLANG_WARN_CONSTANT_CONVERSION = YES;
				CLANG_WARN_DEPRECATED_OBJC_IMPLEMENTATIONS = YES;
				CLANG_WARN_DIRECT_OBJC_ISA_USAGE = YES_ERROR;
				CLANG_WARN_DOCUMENTATION_COMMENTS = YES;
				CLANG_WARN_EMPTY_BODY = YES;
				CLANG_WARN_ENUM_CONVERSION = YES;
				CLANG_WARN_INFINITE_RECURSION = YES;
				CLANG_WARN_INT_CONVERSION = YES;
				CLANG_WARN_NON_LITERAL_NULL_CONVERSION = YES;
				CLANG_WARN_OBJC_IMPLICIT_RETAIN_SELF = YES;
				CLANG_WARN_OBJC_LITERAL_CONVERSION = YES;
				CLANG_WARN_OBJC_ROOT_CLASS = YES_ERROR;
				CLANG_WARN_QUOTED_INCLUDE_IN_FRAMEWORK_HEADER = YES;
				CLANG_WARN_RANGE_LOOP_ANALYSIS = YES;
				CLANG_WARN_STRICT_PROTOTYPES = YES;
				CLANG_WARN_SUSPICIOUS_MOVE = YES;
				CLANG_WARN_UNGUARDED_AVAILABILITY = YES_AGGRESSIVE;
				CLANG_WARN_UNREACHABLE_CODE = YES;
				CLANG_WARN__DUPLICATE_METHOD_MATCH = YES;
				COPY_PHASE_STRIP = NO;
				CURRENT_PROJECT_VERSION = 1;
				DEAD_CODE_STRIPPING = YES;
				DEBUG_INFORMATION_FORMAT = "dwarf-with-dsym";
				ENABLE_NS_ASSERTIONS = NO;
				ENABLE_STRICT_OBJC_MSGSEND = YES;
				ENABLE_USER_SCRIPT_SANDBOXING = YES;
				GCC_C_LANGUAGE_STANDARD = gnu17;
				GCC_NO_COMMON_BLOCKS = YES;
				GCC_WARN_64_TO_32_BIT_CONVERSION = YES;
				GCC_WARN_ABOUT_RETURN_TYPE = YES_ERROR;
				GCC_WARN_UNDECLARED_SELECTOR = YES;
				GCC_WARN_UNINITIALIZED_AUTOS = YES_AGGRESSIVE;
				GCC_WARN_UNUSED_FUNCTION = YES;
				GCC_WARN_UNUSED_VARIABLE = YES;
				LOCALIZATION_PREFERS_STRING_CATALOGS = YES;
				MACOSX_DEPLOYMENT_TARGET = 14.0;
				MTL_ENABLE_DEBUG_INFO = NO;
				MTL_FAST_MATH = YES;
				SDKROOT = macosx;
				SWIFT_COMPILATION_MODE = wholemodule;
				VERSIONING_SYSTEM = "apple-generic";
				VERSION_INFO_PREFIX = "";
			};
			name = Release;
		};
		0F1CDDA32B3D73170080C5F5 /* Debug */ = {
			isa = XCBuildConfiguration;
			buildSettings = {
				CODE_SIGN_IDENTITY = "";
				CODE_SIGN_STYLE = Automatic;
				COMBINE_HIDPI_IMAGES = YES;
				CURRENT_PROJECT_VERSION = 1;
				DEAD_CODE_STRIPPING = YES;
				DEFINES_MODULE = YES;
				DEVELOPMENT_TEAM = R5599LYD4Y;
				DYLIB_COMPATIBILITY_VERSION = 1;
				DYLIB_CURRENT_VERSION = 1;
				DYLIB_INSTALL_NAME_BASE = "@rpath";
				ENABLE_MODULE_VERIFIER = YES;
				GENERATE_INFOPLIST_FILE = YES;
				INFOPLIST_KEY_NSHumanReadableCopyright = "";
				INSTALL_PATH = "$(LOCAL_LIBRARY_DIR)/Frameworks";
				LD_RUNPATH_SEARCH_PATHS = (
					"$(inherited)",
					"@executable_path/../Frameworks",
					"@loader_path/Frameworks",
				);
				MACOSX_DEPLOYMENT_TARGET = 13.0;
				MARKETING_VERSION = 1.0;
				MODULE_VERIFIER_SUPPORTED_LANGUAGES = "objective-c objective-c++";
				MODULE_VERIFIER_SUPPORTED_LANGUAGE_STANDARDS = "gnu17 gnu++20";
				PRODUCT_BUNDLE_IDENTIFIER = "com.minyanghuang.EssentialDev-";
				PRODUCT_NAME = "$(TARGET_NAME:c99extidentifier)";
				SKIP_INSTALL = YES;
				SUPPORTED_PLATFORMS = "iphoneos iphonesimulator macosx";
				SUPPORTS_MACCATALYST = NO;
				SWIFT_EMIT_LOC_STRINGS = YES;
				SWIFT_VERSION = 5.0;
				TARGETED_DEVICE_FAMILY = 1;
			};
			name = Debug;
		};
		0F1CDDA42B3D73170080C5F5 /* Release */ = {
			isa = XCBuildConfiguration;
			buildSettings = {
				CODE_SIGN_IDENTITY = "";
				CODE_SIGN_STYLE = Automatic;
				COMBINE_HIDPI_IMAGES = YES;
				CURRENT_PROJECT_VERSION = 1;
				DEAD_CODE_STRIPPING = YES;
				DEFINES_MODULE = YES;
				DEVELOPMENT_TEAM = R5599LYD4Y;
				DYLIB_COMPATIBILITY_VERSION = 1;
				DYLIB_CURRENT_VERSION = 1;
				DYLIB_INSTALL_NAME_BASE = "@rpath";
				ENABLE_MODULE_VERIFIER = YES;
				GENERATE_INFOPLIST_FILE = YES;
				INFOPLIST_KEY_NSHumanReadableCopyright = "";
				INSTALL_PATH = "$(LOCAL_LIBRARY_DIR)/Frameworks";
				LD_RUNPATH_SEARCH_PATHS = (
					"$(inherited)",
					"@executable_path/../Frameworks",
					"@loader_path/Frameworks",
				);
				MACOSX_DEPLOYMENT_TARGET = 13.0;
				MARKETING_VERSION = 1.0;
				MODULE_VERIFIER_SUPPORTED_LANGUAGES = "objective-c objective-c++";
				MODULE_VERIFIER_SUPPORTED_LANGUAGE_STANDARDS = "gnu17 gnu++20";
				PRODUCT_BUNDLE_IDENTIFIER = "com.minyanghuang.EssentialDev-";
				PRODUCT_NAME = "$(TARGET_NAME:c99extidentifier)";
				SKIP_INSTALL = YES;
				SUPPORTED_PLATFORMS = "iphoneos iphonesimulator macosx";
				SUPPORTS_MACCATALYST = NO;
				SWIFT_EMIT_LOC_STRINGS = YES;
				SWIFT_VERSION = 5.0;
				TARGETED_DEVICE_FAMILY = 1;
			};
			name = Release;
		};
		0F1CDDA62B3D73170080C5F5 /* Debug */ = {
			isa = XCBuildConfiguration;
			buildSettings = {
				CLANG_ENABLE_MODULES = YES;
				"CODE_SIGN_IDENTITY[sdk=macosx*]" = "-";
				CODE_SIGN_STYLE = Automatic;
				CURRENT_PROJECT_VERSION = 1;
				DEAD_CODE_STRIPPING = YES;
				DEVELOPMENT_TEAM = R5599LYD4Y;
				GENERATE_INFOPLIST_FILE = YES;
				MACOSX_DEPLOYMENT_TARGET = 13.0;
				MARKETING_VERSION = 1.0;
				PRODUCT_BUNDLE_IDENTIFIER = "com.minyanghuang.EssentialDev-Tests";
				PRODUCT_NAME = "$(TARGET_NAME)";
				SUPPORTED_PLATFORMS = "iphoneos iphonesimulator macosx";
				SUPPORTS_MACCATALYST = NO;
				SWIFT_EMIT_LOC_STRINGS = NO;
				SWIFT_OPTIMIZATION_LEVEL = "-Onone";
				SWIFT_VERSION = 5.0;
				TARGETED_DEVICE_FAMILY = 1;
			};
			name = Debug;
		};
		0F1CDDA72B3D73170080C5F5 /* Release */ = {
			isa = XCBuildConfiguration;
			buildSettings = {
				CLANG_ENABLE_MODULES = YES;
				"CODE_SIGN_IDENTITY[sdk=macosx*]" = "-";
				CODE_SIGN_STYLE = Automatic;
				CURRENT_PROJECT_VERSION = 1;
				DEAD_CODE_STRIPPING = YES;
				DEVELOPMENT_TEAM = R5599LYD4Y;
				GENERATE_INFOPLIST_FILE = YES;
				MACOSX_DEPLOYMENT_TARGET = 13.0;
				MARKETING_VERSION = 1.0;
				PRODUCT_BUNDLE_IDENTIFIER = "com.minyanghuang.EssentialDev-Tests";
				PRODUCT_NAME = "$(TARGET_NAME)";
				SUPPORTED_PLATFORMS = "iphoneos iphonesimulator macosx";
				SUPPORTS_MACCATALYST = NO;
				SWIFT_EMIT_LOC_STRINGS = NO;
				SWIFT_VERSION = 5.0;
				TARGETED_DEVICE_FAMILY = 1;
			};
			name = Release;
		};
		0F345A272B64AD05007528BD /* Debug */ = {
			isa = XCBuildConfiguration;
			buildSettings = {
				"CODE_SIGN_IDENTITY[sdk=macosx*]" = "-";
				CODE_SIGN_STYLE = Automatic;
				CURRENT_PROJECT_VERSION = 1;
				DEAD_CODE_STRIPPING = YES;
				DEVELOPMENT_TEAM = R5599LYD4Y;
				GENERATE_INFOPLIST_FILE = YES;
				MACOSX_DEPLOYMENT_TARGET = 13.0;
				MARKETING_VERSION = 1.0;
				PRODUCT_BUNDLE_IDENTIFIER = com.minyanghuang.EssentialDevEndToEndTests;
				PRODUCT_NAME = "$(TARGET_NAME)";
				SUPPORTED_PLATFORMS = "iphoneos iphonesimulator macosx";
				SUPPORTS_MACCATALYST = NO;
				SWIFT_EMIT_LOC_STRINGS = NO;
				SWIFT_VERSION = 5.0;
				TARGETED_DEVICE_FAMILY = 1;
			};
			name = Debug;
		};
		0F345A282B64AD05007528BD /* Release */ = {
			isa = XCBuildConfiguration;
			buildSettings = {
				"CODE_SIGN_IDENTITY[sdk=macosx*]" = "-";
				CODE_SIGN_STYLE = Automatic;
				CURRENT_PROJECT_VERSION = 1;
				DEAD_CODE_STRIPPING = YES;
				DEVELOPMENT_TEAM = R5599LYD4Y;
				GENERATE_INFOPLIST_FILE = YES;
				MACOSX_DEPLOYMENT_TARGET = 13.0;
				MARKETING_VERSION = 1.0;
				PRODUCT_BUNDLE_IDENTIFIER = com.minyanghuang.EssentialDevEndToEndTests;
				PRODUCT_NAME = "$(TARGET_NAME)";
				SUPPORTED_PLATFORMS = "iphoneos iphonesimulator macosx";
				SUPPORTS_MACCATALYST = NO;
				SWIFT_EMIT_LOC_STRINGS = NO;
				SWIFT_VERSION = 5.0;
				TARGETED_DEVICE_FAMILY = 1;
			};
			name = Release;
		};
		0FC73FF62DB214CE00EA4604 /* Debug */ = {
			isa = XCBuildConfiguration;
			buildSettings = {
				BUILD_LIBRARY_FOR_DISTRIBUTION = NO;
				CLANG_ENABLE_MODULES = YES;
				CODE_SIGN_STYLE = Automatic;
				CURRENT_PROJECT_VERSION = 1;
				DEFINES_MODULE = YES;
				DEVELOPMENT_TEAM = R5599LYD4Y;
				DYLIB_COMPATIBILITY_VERSION = 1;
				DYLIB_CURRENT_VERSION = 1;
				DYLIB_INSTALL_NAME_BASE = "@rpath";
				ENABLE_MODULE_VERIFIER = YES;
				GENERATE_INFOPLIST_FILE = YES;
				INFOPLIST_KEY_NSHumanReadableCopyright = "";
				INSTALL_PATH = "$(LOCAL_LIBRARY_DIR)/Frameworks";
				IPHONEOS_DEPLOYMENT_TARGET = 18.2;
				LD_RUNPATH_SEARCH_PATHS = (
					"$(inherited)",
					"@executable_path/Frameworks",
					"@loader_path/Frameworks",
				);
				MARKETING_VERSION = 1.0;
				MODULE_VERIFIER_SUPPORTED_LANGUAGES = "objective-c objective-c++";
				MODULE_VERIFIER_SUPPORTED_LANGUAGE_STANDARDS = "gnu17 gnu++20";
				PRODUCT_BUNDLE_IDENTIFIER = com.minya.EssentialDeviOS;
				PRODUCT_NAME = "$(TARGET_NAME:c99extidentifier)";
				SDKROOT = iphoneos;
				SKIP_INSTALL = YES;
				SUPPORTED_PLATFORMS = "iphoneos iphonesimulator";
				SUPPORTS_MACCATALYST = NO;
				SUPPORTS_MAC_DESIGNED_FOR_IPHONE_IPAD = NO;
				SWIFT_EMIT_LOC_STRINGS = YES;
				SWIFT_INSTALL_OBJC_HEADER = NO;
				SWIFT_OPTIMIZATION_LEVEL = "-Onone";
				SWIFT_VERSION = 5.0;
				TARGETED_DEVICE_FAMILY = "1,2";
			};
			name = Debug;
		};
		0FC73FF72DB214CE00EA4604 /* Release */ = {
			isa = XCBuildConfiguration;
			buildSettings = {
				BUILD_LIBRARY_FOR_DISTRIBUTION = NO;
				CLANG_ENABLE_MODULES = YES;
				CODE_SIGN_STYLE = Automatic;
				CURRENT_PROJECT_VERSION = 1;
				DEFINES_MODULE = YES;
				DEVELOPMENT_TEAM = R5599LYD4Y;
				DYLIB_COMPATIBILITY_VERSION = 1;
				DYLIB_CURRENT_VERSION = 1;
				DYLIB_INSTALL_NAME_BASE = "@rpath";
				ENABLE_MODULE_VERIFIER = YES;
				GENERATE_INFOPLIST_FILE = YES;
				INFOPLIST_KEY_NSHumanReadableCopyright = "";
				INSTALL_PATH = "$(LOCAL_LIBRARY_DIR)/Frameworks";
				IPHONEOS_DEPLOYMENT_TARGET = 18.2;
				LD_RUNPATH_SEARCH_PATHS = (
					"$(inherited)",
					"@executable_path/Frameworks",
					"@loader_path/Frameworks",
				);
				MARKETING_VERSION = 1.0;
				MODULE_VERIFIER_SUPPORTED_LANGUAGES = "objective-c objective-c++";
				MODULE_VERIFIER_SUPPORTED_LANGUAGE_STANDARDS = "gnu17 gnu++20";
				PRODUCT_BUNDLE_IDENTIFIER = com.minya.EssentialDeviOS;
				PRODUCT_NAME = "$(TARGET_NAME:c99extidentifier)";
				SDKROOT = iphoneos;
				SKIP_INSTALL = YES;
				SUPPORTED_PLATFORMS = "iphoneos iphonesimulator";
				SUPPORTS_MACCATALYST = NO;
				SUPPORTS_MAC_DESIGNED_FOR_IPHONE_IPAD = NO;
				SWIFT_EMIT_LOC_STRINGS = YES;
				SWIFT_INSTALL_OBJC_HEADER = NO;
				SWIFT_VERSION = 5.0;
				TARGETED_DEVICE_FAMILY = "1,2";
				VALIDATE_PRODUCT = YES;
			};
			name = Release;
		};
		0FC73FF92DB214CE00EA4604 /* Debug */ = {
			isa = XCBuildConfiguration;
			buildSettings = {
				CODE_SIGN_STYLE = Automatic;
				CURRENT_PROJECT_VERSION = 1;
				DEVELOPMENT_TEAM = R5599LYD4Y;
				GENERATE_INFOPLIST_FILE = YES;
				IPHONEOS_DEPLOYMENT_TARGET = 18.2;
				MARKETING_VERSION = 1.0;
				PRODUCT_BUNDLE_IDENTIFIER = com.minya.EssentialDeviOSTests;
				PRODUCT_NAME = "$(TARGET_NAME)";
				SDKROOT = iphoneos;
				SWIFT_EMIT_LOC_STRINGS = NO;
				SWIFT_VERSION = 5.0;
				TARGETED_DEVICE_FAMILY = "1,2";
			};
			name = Debug;
		};
		0FC73FFA2DB214CE00EA4604 /* Release */ = {
			isa = XCBuildConfiguration;
			buildSettings = {
				CODE_SIGN_STYLE = Automatic;
				CURRENT_PROJECT_VERSION = 1;
				DEVELOPMENT_TEAM = R5599LYD4Y;
				GENERATE_INFOPLIST_FILE = YES;
				IPHONEOS_DEPLOYMENT_TARGET = 18.2;
				MARKETING_VERSION = 1.0;
				PRODUCT_BUNDLE_IDENTIFIER = com.minya.EssentialDeviOSTests;
				PRODUCT_NAME = "$(TARGET_NAME)";
				SDKROOT = iphoneos;
				SWIFT_EMIT_LOC_STRINGS = NO;
				SWIFT_VERSION = 5.0;
				TARGETED_DEVICE_FAMILY = "1,2";
				VALIDATE_PRODUCT = YES;
			};
			name = Release;
		};
/* End XCBuildConfiguration section */

/* Begin XCConfigurationList section */
		0F1542F92B96A4BC00AF81B1 /* Build configuration list for PBXNativeTarget "EssentialDevCacheIntegrationTests" */ = {
			isa = XCConfigurationList;
			buildConfigurations = (
				0F1542F72B96A4BC00AF81B1 /* Debug */,
				0F1542F82B96A4BC00AF81B1 /* Release */,
			);
			defaultConfigurationIsVisible = 0;
			defaultConfigurationName = Release;
		};
		0F1CDD882B3D73160080C5F5 /* Build configuration list for PBXProject "EssentialDev" */ = {
			isa = XCConfigurationList;
			buildConfigurations = (
				0F1CDDA02B3D73170080C5F5 /* Debug */,
				0F1CDDA12B3D73170080C5F5 /* Release */,
			);
			defaultConfigurationIsVisible = 0;
			defaultConfigurationName = Release;
		};
		0F1CDDA22B3D73170080C5F5 /* Build configuration list for PBXNativeTarget "EssentialDev" */ = {
			isa = XCConfigurationList;
			buildConfigurations = (
				0F1CDDA32B3D73170080C5F5 /* Debug */,
				0F1CDDA42B3D73170080C5F5 /* Release */,
			);
			defaultConfigurationIsVisible = 0;
			defaultConfigurationName = Release;
		};
		0F1CDDA52B3D73170080C5F5 /* Build configuration list for PBXNativeTarget "EssentialDevTests" */ = {
			isa = XCConfigurationList;
			buildConfigurations = (
				0F1CDDA62B3D73170080C5F5 /* Debug */,
				0F1CDDA72B3D73170080C5F5 /* Release */,
			);
			defaultConfigurationIsVisible = 0;
			defaultConfigurationName = Release;
		};
		0F345A262B64AD05007528BD /* Build configuration list for PBXNativeTarget "EssentialDevEndToEndTests" */ = {
			isa = XCConfigurationList;
			buildConfigurations = (
				0F345A272B64AD05007528BD /* Debug */,
				0F345A282B64AD05007528BD /* Release */,
			);
			defaultConfigurationIsVisible = 0;
			defaultConfigurationName = Release;
		};
		0FC73FF52DB214CE00EA4604 /* Build configuration list for PBXNativeTarget "EssentialDeviOS" */ = {
			isa = XCConfigurationList;
			buildConfigurations = (
				0FC73FF62DB214CE00EA4604 /* Debug */,
				0FC73FF72DB214CE00EA4604 /* Release */,
			);
			defaultConfigurationIsVisible = 0;
			defaultConfigurationName = Release;
		};
		0FC73FF82DB214CE00EA4604 /* Build configuration list for PBXNativeTarget "EssentialDeviOSTests" */ = {
			isa = XCConfigurationList;
			buildConfigurations = (
				0FC73FF92DB214CE00EA4604 /* Debug */,
				0FC73FFA2DB214CE00EA4604 /* Release */,
			);
			defaultConfigurationIsVisible = 0;
			defaultConfigurationName = Release;
		};
/* End XCConfigurationList section */

/* Begin XCVersionGroup section */
		0F8915BC2B913F7400D2CFD4 /* FeedStore.xcdatamodeld */ = {
			isa = XCVersionGroup;
			children = (
				0F8915BD2B913F7400D2CFD4 /* FeedStore.xcdatamodel */,
			);
			currentVersion = 0F8915BD2B913F7400D2CFD4 /* FeedStore.xcdatamodel */;
			path = FeedStore.xcdatamodeld;
			sourceTree = "<group>";
			versionGroupType = wrapper.xcdatamodel;
		};
/* End XCVersionGroup section */
	};
	rootObject = 0F1CDD852B3D73160080C5F5 /* Project object */;
}
